
Microsoft Visual Studio Solution File, Format Version 12.00
# Visual Studio 15
VisualStudioVersion = 15.0.28307.136
MinimumVisualStudioVersion = 10.0.40219.1
Project("{FAE04EC0-301F-11D3-BF4B-00C04F79EFBC}") = "MSTestSnippet", "MSTestSnippet\MSTestSnippet.csproj", "{E545EC6B-9B60-455B-9541-F144D528562A}"
EndProject
Global
	GlobalSection(SolutionConfigurationPlatforms) = preSolution
		Debug|Any CPU = Debug|Any CPU
		Release|Any CPU = Release|Any CPU
	EndGlobalSection
	GlobalSection(ProjectConfigurationPlatforms) = postSolution
		{E545EC6B-9B60-455B-9541-F144D528562A}.Debug|Any CPU.ActiveCfg = Debug|Any CPU
		{E545EC6B-9B60-455B-9541-F144D528562A}.Debug|Any CPU.Build.0 = Debug|Any CPU
		{E545EC6B-9B60-455B-9541-F144D528562A}.Release|Any CPU.ActiveCfg = Release|Any CPU
		{E545EC6B-9B60-455B-9541-F144D528562A}.Release|Any CPU.Build.0 = Release|Any CPU
	EndGlobalSection
	GlobalSection(SolutionProperties) = preSolution
		HideSolutionNode = FALSE
	EndGlobalSection
	GlobalSection(ExtensibilityGlobals) = postSolution
		SolutionGuid = {75AEB44E-0722-4A0B-BB3B-4254A656EF49}
	EndGlobalSection
EndGlobal
